PODS:
  - Bolts (1.9.0):
    - Bolts/AppLinks (= 1.9.0)
    - Bolts/Tasks (= 1.9.0)
  - Bolts/AppLinks (1.9.0):
    - Bolts/Tasks
  - Bolts/Tasks (1.9.0)
  - FBSDKCoreKit (4.34.0):
    - Bolts (~> 1.7)
  - FBSDKLoginKit (4.34.0):
    - FBSDKCoreKit
  - Flutter (1.0.0)
  - flutter_facebook_login (0.0.1):
    - FBSDKLoginKit (~> 4.29)
    - Flutter

DEPENDENCIES:
  - Flutter (from `.symlinks/flutter/ios`)
  - flutter_facebook_login (from `.symlinks/plugins/flutter_facebook_login/ios`)

SPEC REPOS:
  https://github.com/cocoapods/specs.git:
    - Bolts
    - FBSDKCoreKit
    - FBSDKLoginKit

EXTERNAL SOURCES:
  Flutter:
    :path: ".symlinks/flutter/ios"
  flutter_facebook_login:
    :path: ".symlinks/plugins/flutter_facebook_login/ios"

SPEC CHECKSUMS:
  Bolts: ac6567323eac61e203f6a9763667d0f711be34c8
  FBSDKCoreKit: 0ff57f093b85c8c9d5aba697d3edf68a8960ce78
  FBSDKLoginKit: 8c78f57a145afb756e4755e69195ebe08a42466e
  Flutter: 9d0fac939486c9aba2809b7982dfdbb47a7b0296
  flutter_facebook_login: e3d2f0a348889fe0f49c302bc044b8cc66c691be

PODFILE CHECKSUM: 7765ea4305eaab0b3dfd384c7de11902aa3195fd

COCOAPODS: 1.5.3
